# This file is automatically @generated by Cargo.
# It is not intended for manual editing.
version = 4

[[package]]
name = "braidinfer-core"
version = "0.1.0"

[[package]]
name = "braidinfer-hip"
version = "0.1.0"
dependencies = [
 "braidinfer-core",
]

[[package]]
name = "braidinfer-runtime"
version = "0.1.0"
dependencies = [
 "braidinfer-core",
 "braidinfer-hip",
]
